
Microsoft Visual Studio Solution File, Format Version 12.00
# Visual Studio Version 16
VisualStudioVersion = 16.0.31424.327
MinimumVisualStudioVersion = 10.0.40219.1
Project("{9A19103F-16F7-4668-BE54-9A1E7A4F7556}") = "DataAccess", "DataAccess\DataAccess.csproj", "{0D8443AE-C81A-487C-A1CE-6DC8C109C6D8}"
EndProject
Project("{9A19103F-16F7-4668-BE54-9A1E7A4F7556}") = "Business", "Business\Business.csproj", "{C3943959-1595-47AE-BA4B-4265333E22EC}"
EndProject
Project("{9A19103F-16F7-4668-BE54-9A1E7A4F7556}") = "Entities", "Entities\Entities.csproj", "{C6A4DEFA-437A-4FE8-A943-BA2B0D05576C}"
EndProject
Project("{9A19103F-16F7-4668-BE54-9A1E7A4F7556}") = "Core", "Core\Core.csproj", "{872D0CBB-BC35-4C1D-B5A4-832D227A8D2F}"
EndProject
Project("{FAE04EC0-301F-11D3-BF4B-00C04F79EFBC}") = "ConsoleUI", "ConsoleUI\ConsoleUI.csproj", "{0E7AF335-6418-422D-8965-275A1273929F}"
EndProject
Project("{FAE04EC0-301F-11D3-BF4B-00C04F79EFBC}") = "WebAPI", "WebAPI\WebAPI.csproj", "{6CDA8D5D-B923-4B3E-A5FD-E668F672BA27}"
EndProject
Global
	GlobalSection(SolutionConfigurationPlatforms) = preSolution
		Debug|Any CPU = Debug|Any CPU
		Release|Any CPU = Release|Any CPU
	EndGlobalSection
	GlobalSection(ProjectConfigurationPlatforms) = postSolution
		{0D8443AE-C81A-487C-A1CE-6DC8C109C6D8}.Debug|Any CPU.ActiveCfg = Debug|Any CPU
		{0D8443AE-C81A-487C-A1CE-6DC8C109C6D8}.Debug|Any CPU.Build.0 = Debug|Any CPU
		{0D8443AE-C81A-487C-A1CE-6DC8C109C6D8}.Release|Any CPU.ActiveCfg = Release|Any CPU
		{0D8443AE-C81A-487C-A1CE-6DC8C109C6D8}.Release|Any CPU.Build.0 = Release|Any CPU
		{C3943959-1595-47AE-BA4B-4265333E22EC}.Debug|Any CPU.ActiveCfg = Debug|Any CPU
		{C3943959-1595-47AE-BA4B-4265333E22EC}.Debug|Any CPU.Build.0 = Debug|Any CPU
		{C3943959-1595-47AE-BA4B-4265333E22EC}.Release|Any CPU.ActiveCfg = Release|Any CPU
		{C3943959-1595-47AE-BA4B-4265333E22EC}.Release|Any CPU.Build.0 = Release|Any CPU
		{C6A4DEFA-437A-4FE8-A943-BA2B0D05576C}.Debug|Any CPU.ActiveCfg = Debug|Any CPU
		{C6A4DEFA-437A-4FE8-A943-BA2B0D05576C}.Debug|Any CPU.Build.0 = Debug|Any CPU
		{C6A4DEFA-437A-4FE8-A943-BA2B0D05576C}.Release|Any CPU.ActiveCfg = Release|Any CPU
		{C6A4DEFA-437A-4FE8-A943-BA2B0D05576C}.Release|Any CPU.Build.0 = Release|Any CPU
		{872D0CBB-BC35-4C1D-B5A4-832D227A8D2F}.Debug|Any CPU.ActiveCfg = Debug|Any CPU
		{872D0CBB-BC35-4C1D-B5A4-832D227A8D2F}.Debug|Any CPU.Build.0 = Debug|Any CPU
		{872D0CBB-BC35-4C1D-B5A4-832D227A8D2F}.Release|Any CPU.ActiveCfg = Release|Any CPU
		{872D0CBB-BC35-4C1D-B5A4-832D227A8D2F}.Release|Any CPU.Build.0 = Release|Any CPU
		{0E7AF335-6418-422D-8965-275A1273929F}.Debug|Any CPU.ActiveCfg = Debug|Any CPU
		{0E7AF335-6418-422D-8965-275A1273929F}.Debug|Any CPU.Build.0 = Debug|Any CPU
		{0E7AF335-6418-422D-8965-275A1273929F}.Release|Any CPU.ActiveCfg = Release|Any CPU
		{0E7AF335-6418-422D-8965-275A1273929F}.Release|Any CPU.Build.0 = Release|Any CPU
		{6CDA8D5D-B923-4B3E-A5FD-E668F672BA27}.Debug|Any CPU.ActiveCfg = Debug|Any CPU
		{6CDA8D5D-B923-4B3E-A5FD-E668F672BA27}.Debug|Any CPU.Build.0 = Debug|Any CPU
		{6CDA8D5D-B923-4B3E-A5FD-E668F672BA27}.Release|Any CPU.ActiveCfg = Release|Any CPU
		{6CDA8D5D-B923-4B3E-A5FD-E668F672BA27}.Release|Any CPU.Build.0 = Release|Any CPU
	EndGlobalSection
	GlobalSection(SolutionProperties) = preSolution
		HideSolutionNode = FALSE
	EndGlobalSection
	GlobalSection(ExtensibilityGlobals) = postSolution
		SolutionGuid = {D06A3CD6-D622-4FC5-A834-FB92989B39BD}
	EndGlobalSection
EndGlobal
